github.com/JoshVarga/blast v0.0.0-20180421040937-681c804fb9f0 h1:tDnuU0igiBiQFjsvq1Bi7DpoUjqI76VVvW045vpeFeM=
github.com/JoshVarga/blast v0.0.0-20180421040937-681c804fb9f0/go.mod h1:h/5OEGj4G+fpYxluLjSMZbFY011ZxAntO98nCl8mrCs=
github.com/OpenDiablo2/D2Shared v0.0.0-20191117044836-c56c888bec7d h1:2yQG+kQSdd/9NvbUDYYkvfjMPGRb5vLSClYRWF835SI=
github.com/OpenDiablo2/D2Shared v0.0.0-20191117044836-c56c888bec7d/go.mod h1:tWln5/64VDcLuOr/GHyQU1ea5zdm5WfleFPEr8rFgcw=
github.com/go-gl/gl v0.0.0-20190320180904-bf2b1f2f34d7 h1:SCYMcCJ89LjRGwEa0tRluNRiMjZHalQZrVrvTbPh+qw=
github.com/go-gl/gl v0.0.0-20190320180904-bf2b1f2f34d7/go.mod h1:482civXOzJJCPzJ4ZOX/pwvXBWSnzD4OKMdH4ClKGbk=
github.com/go-gl/glfw v0.0.0-20190409004039-e6da0acd62b1 h1:QbL/5oDUmRBzO9/Z7Seo6zf912W/a6Sr4Eu0G/3Jho0=
github.com/go-gl/glfw v0.0.0-20190409004039-e6da0acd62b1/go.mod h1:vR7hzQXu2zJy9AVAgeJqvqgH9Q5CA+iKCZ2gyEVpxRU=
github.com/golang-ui/nuklear v0.0.0-20190910214948-f0bd027f267b h1:RH4Coblxx7CXuzYlZtm7PEVtuvQh6DBdAJfYpqQVJXU=
github.com/golang-ui/nuklear v0.0.0-20190910214948-f0bd027f267b/go.mod h1:xX2vbAOtImdmMK3nPye2JyxCZbPmbjg/IVBIzuxReKU=
github.com/veandco/go-sdl2 v0.3.3/go.mod h1:FB+kTpX9YTE+urhYiClnRzpOXbiWgaU3+5F2AB78DPg=
github.com/xlab/android-go v0.0.0-20180723170811-ebf4d6dd1830/go.mod h1:cX5Ob29gFddv5hlAJN3tmNcvHuNQwUXzIP06azWW1M8=
github.com/xlab/closer v0.0.0-20190328110542-03326addb7c2 h1:LPYwXwwHigHHFX3SFa9W9zBIa5reyaLJos2e95eHh68=
github.com/xlab/closer v0.0.0-20190328110542-03326addb7c2/go.mod h1:Y8IYP9aVODN3Vnw1FCqygCG5IWyYBeBlZqQ5aX+fHFw=
